
Microsoft Visual Studio Solution File, Format Version 12.00
# Visual Studio Version 16
VisualStudioVersion = 16.0.29209.62
MinimumVisualStudioVersion = 15.0.26124.0
Project("{2150E333-8FDC-42A3-9474-1A3956D46DE8}") = "src", "src", "{C1A3C378-4C81-49AB-A6E5-00ADEFB59137}"
EndProject
Project("{9A19103F-16F7-4668-BE54-9A1E7A4F7556}") = "grpcSample.contract", "src\contract\grpcSample.contract.csproj", "{8EED5C24-876E-47A7-B443-914958200E09}"
EndProject
Project("{9A19103F-16F7-4668-BE54-9A1E7A4F7556}") = "grpcSample.server", "src\server\grpcSample.server.csproj", "{3759E3CD-2B17-4A81-9C31-408904378128}"
EndProject
Project("{9A19103F-16F7-4668-BE54-9A1E7A4F7556}") = "grpcSample.client", "src\client\grpcSample.client.csproj", "{165B8FAF-E9D7-484D-8CD0-BF354BCAD59D}"
EndProject
Project("{E53339B2-1760-4266-BCC7-CA923CBCF16C}") = "docker-compose", "docker-compose.dcproj", "{B56156AF-ECC2-4792-A2FB-98EB8675C059}"
EndProject
Global
	GlobalSection(SolutionConfigurationPlatforms) = preSolution
		Debug|Any CPU = Debug|Any CPU
		Debug|x64 = Debug|x64
		Debug|x86 = Debug|x86
		Release|Any CPU = Release|Any CPU
		Release|x64 = Release|x64
		Release|x86 = Release|x86
	EndGlobalSection
	GlobalSection(ProjectConfigurationPlatforms) = postSolution
		{8EED5C24-876E-47A7-B443-914958200E09}.Debug|Any CPU.ActiveCfg = Debug|Any CPU
		{8EED5C24-876E-47A7-B443-914958200E09}.Debug|Any CPU.Build.0 = Debug|Any CPU
		{8EED5C24-876E-47A7-B443-914958200E09}.Debug|x64.ActiveCfg = Debug|Any CPU
		{8EED5C24-876E-47A7-B443-914958200E09}.Debug|x64.Build.0 = Debug|Any CPU
		{8EED5C24-876E-47A7-B443-914958200E09}.Debug|x86.ActiveCfg = Debug|Any CPU
		{8EED5C24-876E-47A7-B443-914958200E09}.Debug|x86.Build.0 = Debug|Any CPU
		{8EED5C24-876E-47A7-B443-914958200E09}.Release|Any CPU.ActiveCfg = Release|Any CPU
		{8EED5C24-876E-47A7-B443-914958200E09}.Release|Any CPU.Build.0 = Release|Any CPU
		{8EED5C24-876E-47A7-B443-914958200E09}.Release|x64.ActiveCfg = Release|Any CPU
		{8EED5C24-876E-47A7-B443-914958200E09}.Release|x64.Build.0 = Release|Any CPU
		{8EED5C24-876E-47A7-B443-914958200E09}.Release|x86.ActiveCfg = Release|Any CPU
		{8EED5C24-876E-47A7-B443-914958200E09}.Release|x86.Build.0 = Release|Any CPU
		{3759E3CD-2B17-4A81-9C31-408904378128}.Debug|Any CPU.ActiveCfg = Debug|Any CPU
		{3759E3CD-2B17-4A81-9C31-408904378128}.Debug|Any CPU.Build.0 = Debug|Any CPU
		{3759E3CD-2B17-4A81-9C31-408904378128}.Debug|x64.ActiveCfg = Debug|Any CPU
		{3759E3CD-2B17-4A81-9C31-408904378128}.Debug|x64.Build.0 = Debug|Any CPU
		{3759E3CD-2B17-4A81-9C31-408904378128}.Debug|x86.ActiveCfg = Debug|Any CPU
		{3759E3CD-2B17-4A81-9C31-408904378128}.Debug|x86.Build.0 = Debug|Any CPU
		{3759E3CD-2B17-4A81-9C31-408904378128}.Release|Any CPU.ActiveCfg = Release|Any CPU
		{3759E3CD-2B17-4A81-9C31-408904378128}.Release|Any CPU.Build.0 = Release|Any CPU
		{3759E3CD-2B17-4A81-9C31-408904378128}.Release|x64.ActiveCfg = Release|Any CPU
		{3759E3CD-2B17-4A81-9C31-408904378128}.Release|x64.Build.0 = Release|Any CPU
		{3759E3CD-2B17-4A81-9C31-408904378128}.Release|x86.ActiveCfg = Release|Any CPU
		{3759E3CD-2B17-4A81-9C31-408904378128}.Release|x86.Build.0 = Release|Any CPU
		{165B8FAF-E9D7-484D-8CD0-BF354BCAD59D}.Debug|Any CPU.ActiveCfg = Debug|Any CPU
		{165B8FAF-E9D7-484D-8CD0-BF354BCAD59D}.Debug|Any CPU.Build.0 = Debug|Any CPU
		{165B8FAF-E9D7-484D-8CD0-BF354BCAD59D}.Debug|x64.ActiveCfg = Debug|Any CPU
		{165B8FAF-E9D7-484D-8CD0-BF354BCAD59D}.Debug|x64.Build.0 = Debug|Any CPU
		{165B8FAF-E9D7-484D-8CD0-BF354BCAD59D}.Debug|x86.ActiveCfg = Debug|Any CPU
		{165B8FAF-E9D7-484D-8CD0-BF354BCAD59D}.Debug|x86.Build.0 = Debug|Any CPU
		{165B8FAF-E9D7-484D-8CD0-BF354BCAD59D}.Release|Any CPU.ActiveCfg = Release|Any CPU
		{165B8FAF-E9D7-484D-8CD0-BF354BCAD59D}.Release|Any CPU.Build.0 = Release|Any CPU
		{165B8FAF-E9D7-484D-8CD0-BF354BCAD59D}.Release|x64.ActiveCfg = Release|Any CPU
		{165B8FAF-E9D7-484D-8CD0-BF354BCAD59D}.Release|x64.Build.0 = Release|Any CPU
		{165B8FAF-E9D7-484D-8CD0-BF354BCAD59D}.Release|x86.ActiveCfg = Release|Any CPU
		{165B8FAF-E9D7-484D-8CD0-BF354BCAD59D}.Release|x86.Build.0 = Release|Any CPU
		{B56156AF-ECC2-4792-A2FB-98EB8675C059}.Debug|Any CPU.ActiveCfg = Debug|Any CPU
		{B56156AF-ECC2-4792-A2FB-98EB8675C059}.Debug|Any CPU.Build.0 = Debug|Any CPU
		{B56156AF-ECC2-4792-A2FB-98EB8675C059}.Debug|x64.ActiveCfg = Debug|Any CPU
		{B56156AF-ECC2-4792-A2FB-98EB8675C059}.Debug|x64.Build.0 = Debug|Any CPU
		{B56156AF-ECC2-4792-A2FB-98EB8675C059}.Debug|x86.ActiveCfg = Debug|Any CPU
		{B56156AF-ECC2-4792-A2FB-98EB8675C059}.Debug|x86.Build.0 = Debug|Any CPU
		{B56156AF-ECC2-4792-A2FB-98EB8675C059}.Release|Any CPU.ActiveCfg = Release|Any CPU
		{B56156AF-ECC2-4792-A2FB-98EB8675C059}.Release|Any CPU.Build.0 = Release|Any CPU
		{B56156AF-ECC2-4792-A2FB-98EB8675C059}.Release|x64.ActiveCfg = Release|Any CPU
		{B56156AF-ECC2-4792-A2FB-98EB8675C059}.Release|x64.Build.0 = Release|Any CPU
		{B56156AF-ECC2-4792-A2FB-98EB8675C059}.Release|x86.ActiveCfg = Release|Any CPU
		{B56156AF-ECC2-4792-A2FB-98EB8675C059}.Release|x86.Build.0 = Release|Any CPU
	EndGlobalSection
	GlobalSection(SolutionProperties) = preSolution
		HideSolutionNode = FALSE
	EndGlobalSection
	GlobalSection(NestedProjects) = preSolution
		{8EED5C24-876E-47A7-B443-914958200E09} = {C1A3C378-4C81-49AB-A6E5-00ADEFB59137}
		{3759E3CD-2B17-4A81-9C31-408904378128} = {C1A3C378-4C81-49AB-A6E5-00ADEFB59137}
		{165B8FAF-E9D7-484D-8CD0-BF354BCAD59D} = {C1A3C378-4C81-49AB-A6E5-00ADEFB59137}
	EndGlobalSection
	GlobalSection(ExtensibilityGlobals) = postSolution
		SolutionGuid = {B411186B-4D5A-4A3C-98C5-DD485D9CCD2C}
	EndGlobalSection
EndGlobal
