
Microsoft Visual Studio Solution File, Format Version 12.00
# Visual Studio 15
VisualStudioVersion = 15.0.26124.0
MinimumVisualStudioVersion = 15.0.26124.0
Project("{2150E333-8FDC-42A3-9474-1A3956D46DE8}") = "src", "src", "{C1A3C378-4C81-49AB-A6E5-00ADEFB59137}"
EndProject
Project("{FAE04EC0-301F-11D3-BF4B-00C04F79EFBC}") = "grpcSample.contract", "src\contract\grpcSample.contract.csproj", "{8EED5C24-876E-47A7-B443-914958200E09}"
EndProject
Project("{FAE04EC0-301F-11D3-BF4B-00C04F79EFBC}") = "grpcSample.server", "src\server\grpcSample.server.csproj", "{3759E3CD-2B17-4A81-9C31-408904378128}"
EndProject
Global
	GlobalSection(SolutionConfigurationPlatforms) = preSolution
		Debug|Any CPU = Debug|Any CPU
		Debug|x64 = Debug|x64
		Debug|x86 = Debug|x86
		Release|Any CPU = Release|Any CPU
		Release|x64 = Release|x64
		Release|x86 = Release|x86
	EndGlobalSection
	GlobalSection(SolutionProperties) = preSolution
		HideSolutionNode = FALSE
	EndGlobalSection
	GlobalSection(ProjectConfigurationPlatforms) = postSolution
		{8EED5C24-876E-47A7-B443-914958200E09}.Debug|Any CPU.ActiveCfg = Debug|Any CPU
		{8EED5C24-876E-47A7-B443-914958200E09}.Debug|Any CPU.Build.0 = Debug|Any CPU
		{8EED5C24-876E-47A7-B443-914958200E09}.Debug|x64.ActiveCfg = Debug|Any CPU
		{8EED5C24-876E-47A7-B443-914958200E09}.Debug|x64.Build.0 = Debug|Any CPU
		{8EED5C24-876E-47A7-B443-914958200E09}.Debug|x86.ActiveCfg = Debug|Any CPU
		{8EED5C24-876E-47A7-B443-914958200E09}.Debug|x86.Build.0 = Debug|Any CPU
		{8EED5C24-876E-47A7-B443-914958200E09}.Release|Any CPU.ActiveCfg = Release|Any CPU
		{8EED5C24-876E-47A7-B443-914958200E09}.Release|Any CPU.Build.0 = Release|Any CPU
		{8EED5C24-876E-47A7-B443-914958200E09}.Release|x64.ActiveCfg = Release|Any CPU
		{8EED5C24-876E-47A7-B443-914958200E09}.Release|x64.Build.0 = Release|Any CPU
		{8EED5C24-876E-47A7-B443-914958200E09}.Release|x86.ActiveCfg = Release|Any CPU
		{8EED5C24-876E-47A7-B443-914958200E09}.Release|x86.Build.0 = Release|Any CPU
		{3759E3CD-2B17-4A81-9C31-408904378128}.Debug|Any CPU.ActiveCfg = Debug|Any CPU
		{3759E3CD-2B17-4A81-9C31-408904378128}.Debug|Any CPU.Build.0 = Debug|Any CPU
		{3759E3CD-2B17-4A81-9C31-408904378128}.Debug|x64.ActiveCfg = Debug|Any CPU
		{3759E3CD-2B17-4A81-9C31-408904378128}.Debug|x64.Build.0 = Debug|Any CPU
		{3759E3CD-2B17-4A81-9C31-408904378128}.Debug|x86.ActiveCfg = Debug|Any CPU
		{3759E3CD-2B17-4A81-9C31-408904378128}.Debug|x86.Build.0 = Debug|Any CPU
		{3759E3CD-2B17-4A81-9C31-408904378128}.Release|Any CPU.ActiveCfg = Release|Any CPU
		{3759E3CD-2B17-4A81-9C31-408904378128}.Release|Any CPU.Build.0 = Release|Any CPU
		{3759E3CD-2B17-4A81-9C31-408904378128}.Release|x64.ActiveCfg = Release|Any CPU
		{3759E3CD-2B17-4A81-9C31-408904378128}.Release|x64.Build.0 = Release|Any CPU
		{3759E3CD-2B17-4A81-9C31-408904378128}.Release|x86.ActiveCfg = Release|Any CPU
		{3759E3CD-2B17-4A81-9C31-408904378128}.Release|x86.Build.0 = Release|Any CPU
	EndGlobalSection
	GlobalSection(NestedProjects) = preSolution
		{8EED5C24-876E-47A7-B443-914958200E09} = {C1A3C378-4C81-49AB-A6E5-00ADEFB59137}
		{3759E3CD-2B17-4A81-9C31-408904378128} = {C1A3C378-4C81-49AB-A6E5-00ADEFB59137}
	EndGlobalSection
EndGlobal
